
Microsoft Visual Studio Solution File, Format Version 12.00
# Visual Studio Version 17
VisualStudioVersion = 17.0.31903.59
MinimumVisualStudioVersion = 10.0.40219.1
Project("{FAE04EC0-301F-11D3-BF4B-00C04F79EFBC}") = "FavoriteBusApp.Api", "src\FavoriteBusApp.Api\FavoriteBusApp.Api.csproj", "{A3F1776B-E30D-461C-A8C4-705D140246B2}"
EndProject
Project("{2150E333-8FDC-42A3-9474-1A3956D46DE8}") = "src", "src", "{02EA681E-C7D8-13C7-8484-4AC65E1B71E8}"
EndProject
Project("{FAE04EC0-301F-11D3-BF4B-00C04F79EFBC}") = "FavoriteBusApp.AppHost", "src\FavoriteBusApp.AppHost\FavoriteBusApp.AppHost.csproj", "{2C8E0595-DFF6-4BF5-ADBF-F88F0A1BFD5A}"
EndProject
Project("{FAE04EC0-301F-11D3-BF4B-00C04F79EFBC}") = "FavoriteBusApp.ServiceDefaults", "src\FavoriteBusApp.ServiceDefaults\FavoriteBusApp.ServiceDefaults.csproj", "{09DDCA6A-5F32-4FC6-9C8B-F8954178326D}"
EndProject
Global
	GlobalSection(SolutionConfigurationPlatforms) = preSolution
		Debug|Any CPU = Debug|Any CPU
		Debug|x64 = Debug|x64
		Debug|x86 = Debug|x86
		Release|Any CPU = Release|Any CPU
		Release|x64 = Release|x64
		Release|x86 = Release|x86
	EndGlobalSection
	GlobalSection(ProjectConfigurationPlatforms) = postSolution
		{A3F1776B-E30D-461C-A8C4-705D140246B2}.Debug|Any CPU.ActiveCfg = Debug|Any CPU
		{A3F1776B-E30D-461C-A8C4-705D140246B2}.Debug|Any CPU.Build.0 = Debug|Any CPU
		{A3F1776B-E30D-461C-A8C4-705D140246B2}.Debug|x64.ActiveCfg = Debug|Any CPU
		{A3F1776B-E30D-461C-A8C4-705D140246B2}.Debug|x64.Build.0 = Debug|Any CPU
		{A3F1776B-E30D-461C-A8C4-705D140246B2}.Debug|x86.ActiveCfg = Debug|Any CPU
		{A3F1776B-E30D-461C-A8C4-705D140246B2}.Debug|x86.Build.0 = Debug|Any CPU
		{A3F1776B-E30D-461C-A8C4-705D140246B2}.Release|Any CPU.ActiveCfg = Release|Any CPU
		{A3F1776B-E30D-461C-A8C4-705D140246B2}.Release|Any CPU.Build.0 = Release|Any CPU
		{A3F1776B-E30D-461C-A8C4-705D140246B2}.Release|x64.ActiveCfg = Release|Any CPU
		{A3F1776B-E30D-461C-A8C4-705D140246B2}.Release|x64.Build.0 = Release|Any CPU
		{A3F1776B-E30D-461C-A8C4-705D140246B2}.Release|x86.ActiveCfg = Release|Any CPU
		{A3F1776B-E30D-461C-A8C4-705D140246B2}.Release|x86.Build.0 = Release|Any CPU
		{2C8E0595-DFF6-4BF5-ADBF-F88F0A1BFD5A}.Debug|Any CPU.ActiveCfg = Debug|Any CPU
		{2C8E0595-DFF6-4BF5-ADBF-F88F0A1BFD5A}.Debug|Any CPU.Build.0 = Debug|Any CPU
		{2C8E0595-DFF6-4BF5-ADBF-F88F0A1BFD5A}.Debug|x64.ActiveCfg = Debug|Any CPU
		{2C8E0595-DFF6-4BF5-ADBF-F88F0A1BFD5A}.Debug|x64.Build.0 = Debug|Any CPU
		{2C8E0595-DFF6-4BF5-ADBF-F88F0A1BFD5A}.Debug|x86.ActiveCfg = Debug|Any CPU
		{2C8E0595-DFF6-4BF5-ADBF-F88F0A1BFD5A}.Debug|x86.Build.0 = Debug|Any CPU
		{2C8E0595-DFF6-4BF5-ADBF-F88F0A1BFD5A}.Release|Any CPU.ActiveCfg = Release|Any CPU
		{2C8E0595-DFF6-4BF5-ADBF-F88F0A1BFD5A}.Release|Any CPU.Build.0 = Release|Any CPU
		{2C8E0595-DFF6-4BF5-ADBF-F88F0A1BFD5A}.Release|x64.ActiveCfg = Release|Any CPU
		{2C8E0595-DFF6-4BF5-ADBF-F88F0A1BFD5A}.Release|x64.Build.0 = Release|Any CPU
		{2C8E0595-DFF6-4BF5-ADBF-F88F0A1BFD5A}.Release|x86.ActiveCfg = Release|Any CPU
		{2C8E0595-DFF6-4BF5-ADBF-F88F0A1BFD5A}.Release|x86.Build.0 = Release|Any CPU
		{09DDCA6A-5F32-4FC6-9C8B-F8954178326D}.Debug|Any CPU.ActiveCfg = Debug|Any CPU
		{09DDCA6A-5F32-4FC6-9C8B-F8954178326D}.Debug|Any CPU.Build.0 = Debug|Any CPU
		{09DDCA6A-5F32-4FC6-9C8B-F8954178326D}.Debug|x64.ActiveCfg = Debug|Any CPU
		{09DDCA6A-5F32-4FC6-9C8B-F8954178326D}.Debug|x64.Build.0 = Debug|Any CPU
		{09DDCA6A-5F32-4FC6-9C8B-F8954178326D}.Debug|x86.ActiveCfg = Debug|Any CPU
		{09DDCA6A-5F32-4FC6-9C8B-F8954178326D}.Debug|x86.Build.0 = Debug|Any CPU
		{09DDCA6A-5F32-4FC6-9C8B-F8954178326D}.Release|Any CPU.ActiveCfg = Release|Any CPU
		{09DDCA6A-5F32-4FC6-9C8B-F8954178326D}.Release|Any CPU.Build.0 = Release|Any CPU
		{09DDCA6A-5F32-4FC6-9C8B-F8954178326D}.Release|x64.ActiveCfg = Release|Any CPU
		{09DDCA6A-5F32-4FC6-9C8B-F8954178326D}.Release|x64.Build.0 = Release|Any CPU
		{09DDCA6A-5F32-4FC6-9C8B-F8954178326D}.Release|x86.ActiveCfg = Release|Any CPU
		{09DDCA6A-5F32-4FC6-9C8B-F8954178326D}.Release|x86.Build.0 = Release|Any CPU
	EndGlobalSection
	GlobalSection(SolutionProperties) = preSolution
		HideSolutionNode = FALSE
	EndGlobalSection
	GlobalSection(NestedProjects) = preSolution
		{A3F1776B-E30D-461C-A8C4-705D140246B2} = {02EA681E-C7D8-13C7-8484-4AC65E1B71E8}
		{2C8E0595-DFF6-4BF5-ADBF-F88F0A1BFD5A} = {02EA681E-C7D8-13C7-8484-4AC65E1B71E8}
		{09DDCA6A-5F32-4FC6-9C8B-F8954178326D} = {02EA681E-C7D8-13C7-8484-4AC65E1B71E8}
	EndGlobalSection
	GlobalSection(ExtensibilityGlobals) = postSolution
		SolutionGuid = {CC067227-4C90-42C2-A9A7-577BD7546B84}
	EndGlobalSection
EndGlobal
