
Microsoft Visual Studio Solution File, Format Version 12.00
# Visual Studio Version 17
VisualStudioVersion = 17.0.31903.59
MinimumVisualStudioVersion = 10.0.40219.1
Project("{FAE04EC0-301F-11D3-BF4B-00C04F79EFBC}") = "FavoriteBusApp.Api", "FavoriteBusApp.Api\FavoriteBusApp.Api.csproj", "{A3F1776B-E30D-461C-A8C4-705D140246B2}"
EndProject
Project("{FAE04EC0-301F-11D3-BF4B-00C04F79EFBC}") = "FavoriteBusApp.Cli", "FavoriteBusApp.Cli\FavoriteBusApp.Cli.csproj", "{F1320451-368F-431C-86C3-60C712482D17}"
EndProject
Project("{FAE04EC0-301F-11D3-BF4B-00C04F79EFBC}") = "FavoriteBusApp.PdfProcessor", "FavoriteBusApp.PdfProcessor\FavoriteBusApp.PdfProcessor.csproj", "{A64C581A-D438-4A96-9C34-E05D985875B7}"
EndProject
Global
	GlobalSection(SolutionConfigurationPlatforms) = preSolution
		Debug|Any CPU = Debug|Any CPU
		Debug|x64 = Debug|x64
		Debug|x86 = Debug|x86
		Release|Any CPU = Release|Any CPU
		Release|x64 = Release|x64
		Release|x86 = Release|x86
	EndGlobalSection
	GlobalSection(ProjectConfigurationPlatforms) = postSolution
		{A3F1776B-E30D-461C-A8C4-705D140246B2}.Debug|Any CPU.ActiveCfg = Debug|Any CPU
		{A3F1776B-E30D-461C-A8C4-705D140246B2}.Debug|Any CPU.Build.0 = Debug|Any CPU
		{A3F1776B-E30D-461C-A8C4-705D140246B2}.Debug|x64.ActiveCfg = Debug|Any CPU
		{A3F1776B-E30D-461C-A8C4-705D140246B2}.Debug|x64.Build.0 = Debug|Any CPU
		{A3F1776B-E30D-461C-A8C4-705D140246B2}.Debug|x86.ActiveCfg = Debug|Any CPU
		{A3F1776B-E30D-461C-A8C4-705D140246B2}.Debug|x86.Build.0 = Debug|Any CPU
		{A3F1776B-E30D-461C-A8C4-705D140246B2}.Release|Any CPU.ActiveCfg = Release|Any CPU
		{A3F1776B-E30D-461C-A8C4-705D140246B2}.Release|Any CPU.Build.0 = Release|Any CPU
		{A3F1776B-E30D-461C-A8C4-705D140246B2}.Release|x64.ActiveCfg = Release|Any CPU
		{A3F1776B-E30D-461C-A8C4-705D140246B2}.Release|x64.Build.0 = Release|Any CPU
		{A3F1776B-E30D-461C-A8C4-705D140246B2}.Release|x86.ActiveCfg = Release|Any CPU
		{A3F1776B-E30D-461C-A8C4-705D140246B2}.Release|x86.Build.0 = Release|Any CPU
		{F1320451-368F-431C-86C3-60C712482D17}.Debug|Any CPU.ActiveCfg = Debug|Any CPU
		{F1320451-368F-431C-86C3-60C712482D17}.Debug|Any CPU.Build.0 = Debug|Any CPU
		{F1320451-368F-431C-86C3-60C712482D17}.Debug|x64.ActiveCfg = Debug|Any CPU
		{F1320451-368F-431C-86C3-60C712482D17}.Debug|x64.Build.0 = Debug|Any CPU
		{F1320451-368F-431C-86C3-60C712482D17}.Debug|x86.ActiveCfg = Debug|Any CPU
		{F1320451-368F-431C-86C3-60C712482D17}.Debug|x86.Build.0 = Debug|Any CPU
		{F1320451-368F-431C-86C3-60C712482D17}.Release|Any CPU.ActiveCfg = Release|Any CPU
		{F1320451-368F-431C-86C3-60C712482D17}.Release|Any CPU.Build.0 = Release|Any CPU
		{F1320451-368F-431C-86C3-60C712482D17}.Release|x64.ActiveCfg = Release|Any CPU
		{F1320451-368F-431C-86C3-60C712482D17}.Release|x64.Build.0 = Release|Any CPU
		{F1320451-368F-431C-86C3-60C712482D17}.Release|x86.ActiveCfg = Release|Any CPU
		{F1320451-368F-431C-86C3-60C712482D17}.Release|x86.Build.0 = Release|Any CPU
		{A64C581A-D438-4A96-9C34-E05D985875B7}.Debug|Any CPU.ActiveCfg = Debug|Any CPU
		{A64C581A-D438-4A96-9C34-E05D985875B7}.Debug|Any CPU.Build.0 = Debug|Any CPU
		{A64C581A-D438-4A96-9C34-E05D985875B7}.Debug|x64.ActiveCfg = Debug|Any CPU
		{A64C581A-D438-4A96-9C34-E05D985875B7}.Debug|x64.Build.0 = Debug|Any CPU
		{A64C581A-D438-4A96-9C34-E05D985875B7}.Debug|x86.ActiveCfg = Debug|Any CPU
		{A64C581A-D438-4A96-9C34-E05D985875B7}.Debug|x86.Build.0 = Debug|Any CPU
		{A64C581A-D438-4A96-9C34-E05D985875B7}.Release|Any CPU.ActiveCfg = Release|Any CPU
		{A64C581A-D438-4A96-9C34-E05D985875B7}.Release|Any CPU.Build.0 = Release|Any CPU
		{A64C581A-D438-4A96-9C34-E05D985875B7}.Release|x64.ActiveCfg = Release|Any CPU
		{A64C581A-D438-4A96-9C34-E05D985875B7}.Release|x64.Build.0 = Release|Any CPU
		{A64C581A-D438-4A96-9C34-E05D985875B7}.Release|x86.ActiveCfg = Release|Any CPU
		{A64C581A-D438-4A96-9C34-E05D985875B7}.Release|x86.Build.0 = Release|Any CPU
	EndGlobalSection
	GlobalSection(SolutionProperties) = preSolution
		HideSolutionNode = FALSE
	EndGlobalSection
EndGlobal
